// !$*UTF8*$!
{
	archiveVersion = 1;
	classes = {
	};
	objectVersion = 48;
	objects = {

/* Begin PBXBuildFile section */
		58DEF8D91FE3729D00C0F5AB /* IteratorTests.swift in Sources */ = {isa = PBXBuildFile; fileRef = 58DEF8D81FE3729D00C0F5AB /* IteratorTests.swift */; };
		58DEF8DC1FE3764E00C0F5AB /* AbstractList.swift in Sources */ = {isa = PBXBuildFile; fileRef = 58DEF8DB1FE3764E00C0F5AB /* AbstractList.swift */; };
		58DEF8DE1FE376A300C0F5AB /* Iterator.swift in Sources */ = {isa = PBXBuildFile; fileRef = 58DEF8DD1FE376A300C0F5AB /* Iterator.swift */; };
		58DEF8E01FE3788F00C0F5AB /* ListIterator.swift in Sources */ = {isa = PBXBuildFile; fileRef = 58DEF8DF1FE3788F00C0F5AB /* ListIterator.swift */; };
		58DEF8E21FE37B6A00C0F5AB /* List.swift in Sources */ = {isa = PBXBuildFile; fileRef = 58DEF8E11FE37B6A00C0F5AB /* List.swift */; };
		58DEF8E41FE3B15100C0F5AB /* Employee.swift in Sources */ = {isa = PBXBuildFile; fileRef = 58DEF8E31FE3B15100C0F5AB /* Employee.swift */; };
		58DEF8E61FE3B58500C0F5AB /* ReverseListIterator.swift in Sources */ = {isa = PBXBuildFile; fileRef = 58DEF8E51FE3B58500C0F5AB /* ReverseListIterator.swift */; };
		58DEF8E81FE3BAA600C0F5AB /* ListTraverser.swift in Sources */ = {isa = PBXBuildFile; fileRef = 58DEF8E71FE3BAA600C0F5AB /* ListTraverser.swift */; };
		58DEF8EA1FE3BE4600C0F5AB /* PrintNEmployees.swift in Sources */ = {isa = PBXBuildFile; fileRef = 58DEF8E91FE3BE4600C0F5AB /* PrintNEmployees.swift */; };
		58DEF8EC1FE7514200C0F5AB /* MediatorTests.swift in Sources */ = {isa = PBXBuildFile; fileRef = 58DEF8EB1FE7514200C0F5AB /* MediatorTests.swift */; };
		58DEF8EF1FE7517C00C0F5AB /* DialogDirector.swift in Sources */ = {isa = PBXBuildFile; fileRef = 58DEF8EE1FE7517C00C0F5AB /* DialogDirector.swift */; };
		58DEF8F11FE7522800C0F5AB /* Control.swift in Sources */ = {isa = PBXBuildFile; fileRef = 58DEF8F01FE7522800C0F5AB /* Control.swift */; };
		58DEF8F31FE7540000C0F5AB /* ListBox.swift in Sources */ = {isa = PBXBuildFile; fileRef = 58DEF8F21FE7540000C0F5AB /* ListBox.swift */; };
		58DEF8F51FE7543700C0F5AB /* EntryField.swift in Sources */ = {isa = PBXBuildFile; fileRef = 58DEF8F41FE7543700C0F5AB /* EntryField.swift */; };
		58DEF8F71FE7548C00C0F5AB /* FontDialogDirector.swift in Sources */ = {isa = PBXBuildFile; fileRef = 58DEF8F61FE7548C00C0F5AB /* FontDialogDirector.swift */; };
		58DEF8F91FE76F2C00C0F5AB /* MementoTests.swift in Sources */ = {isa = PBXBuildFile; fileRef = 58DEF8F81FE76F2C00C0F5AB /* MementoTests.swift */; };
		58DEF8FC1FE76FA500C0F5AB /* MoveCommand.swift in Sources */ = {isa = PBXBuildFile; fileRef = 58DEF8FB1FE76FA500C0F5AB /* MoveCommand.swift */; };
		58DEF8FE1FE7960500C0F5AB /* Graphic.swift in Sources */ = {isa = PBXBuildFile; fileRef = 58DEF8FD1FE7960500C0F5AB /* Graphic.swift */; };
		58DEF9001FE7994900C0F5AB /* ConstraintSolver.swift in Sources */ = {isa = PBXBuildFile; fileRef = 58DEF8FF1FE7994900C0F5AB /* ConstraintSolver.swift */; };
		58DEF9021FE79DA400C0F5AB /* ConstraintMemento.swift in Sources */ = {isa = PBXBuildFile; fileRef = 58DEF9011FE79DA400C0F5AB /* ConstraintMemento.swift */; };
		58DEF9041FE7B6FA00C0F5AB /* ObserverTests.swift in Sources */ = {isa = PBXBuildFile; fileRef = 58DEF9031FE7B6FA00C0F5AB /* ObserverTests.swift */; };
		58DEF9071FE7B74100C0F5AB /* Subject.swift in Sources */ = {isa = PBXBuildFile; fileRef = 58DEF9061FE7B74100C0F5AB /* Subject.swift */; };
		58DEF9091FE7B76400C0F5AB /* Observer.swift in Sources */ = {isa = PBXBuildFile; fileRef = 58DEF9081FE7B76400C0F5AB /* Observer.swift */; };
		58DEF90B1FE8B08700C0F5AB /* ClockTimer.swift in Sources */ = {isa = PBXBuildFile; fileRef = 58DEF90A1FE8B08700C0F5AB /* ClockTimer.swift */; };
		58DEF90D1FE8B11500C0F5AB /* DigitalClock.swift in Sources */ = {isa = PBXBuildFile; fileRef = 58DEF90C1FE8B11500C0F5AB /* DigitalClock.swift */; };
		58DEF90F1FE8B13D00C0F5AB /* AnalogClock.swift in Sources */ = {isa = PBXBuildFile; fileRef = 58DEF90E1FE8B13D00C0F5AB /* AnalogClock.swift */; };
		58DEF9121FE8FA4200C0F5AB /* TCPConnection.swift in Sources */ = {isa = PBXBuildFile; fileRef = 58DEF9111FE8FA4200C0F5AB /* TCPConnection.swift */; };
		58DEF9141FE8FC4100C0F5AB /* StateTests.swift in Sources */ = {isa = PBXBuildFile; fileRef = 58DEF9131FE8FC4100C0F5AB /* StateTests.swift */; };
		58DEF9161FE8FD9600C0F5AB /* TCPState.swift in Sources */ = {isa = PBXBuildFile; fileRef = 58DEF9151FE8FD9600C0F5AB /* TCPState.swift */; };
		58DEF9181FE901DC00C0F5AB /* TCPEstablished.swift in Sources */ = {isa = PBXBuildFile; fileRef = 58DEF9171FE901DC00C0F5AB /* TCPEstablished.swift */; };
		58DEF91A1FE901E900C0F5AB /* TCPListen.swift in Sources */ = {isa = PBXBuildFile; fileRef = 58DEF9191FE901E900C0F5AB /* TCPListen.swift */; };
		58DEF91C1FE901F000C0F5AB /* TCPClosed.swift in Sources */ = {isa = PBXBuildFile; fileRef = 58DEF91B1FE901F000C0F5AB /* TCPClosed.swift */; };
		58ECC5CD1FE1230C009DBA84 /* Behavioral.framework in Frameworks */ = {isa = PBXBuildFile; fileRef = 58ECC5C31FE1230B009DBA84 /* Behavioral.framework */; };
		58ECC5D21FE1230C009DBA84 /* ChainOfResponsibilityTests.swift in Sources */ = {isa = PBXBuildFile; fileRef = 58ECC5D11FE1230C009DBA84 /* ChainOfResponsibilityTests.swift */; };
		58ECC5D41FE1230C009DBA84 /* Behavioral.h in Headers */ = {isa = PBXBuildFile; fileRef = 58ECC5C61FE1230C009DBA84 /* Behavioral.h */; settings = {ATTRIBUTES = (Public, ); }; };
		58ECC5DF1FE203C0009DBA84 /* HelpHandler.swift in Sources */ = {isa = PBXBuildFile; fileRef = 58ECC5DE1FE203C0009DBA84 /* HelpHandler.swift */; };
		58ECC5E11FE209F0009DBA84 /* Widget.swift in Sources */ = {isa = PBXBuildFile; fileRef = 58ECC5E01FE209F0009DBA84 /* Widget.swift */; };
		58ECC5E31FE20BA8009DBA84 /* Button.swift in Sources */ = {isa = PBXBuildFile; fileRef = 58ECC5E21FE20BA8009DBA84 /* Button.swift */; };
		58ECC5E51FE20BE6009DBA84 /* Dialog.swift in Sources */ = {isa = PBXBuildFile; fileRef = 58ECC5E41FE20BE6009DBA84 /* Dialog.swift */; };
		58ECC5E71FE20C86009DBA84 /* Application.swift in Sources */ = {isa = PBXBuildFile; fileRef = 58ECC5E61FE20C86009DBA84 /* Application.swift */; };
		58ECC5EA1FE21DFF009DBA84 /* Command.swift in Sources */ = {isa = PBXBuildFile; fileRef = 58ECC5E91FE21DFF009DBA84 /* Command.swift */; };
		58ECC5EC1FE21E7E009DBA84 /* OpenCommand.swift in Sources */ = {isa = PBXBuildFile; fileRef = 58ECC5EB1FE21E7E009DBA84 /* OpenCommand.swift */; };
		58ECC5EE1FE222D5009DBA84 /* Document.swift in Sources */ = {isa = PBXBuildFile; fileRef = 58ECC5ED1FE222D5009DBA84 /* Document.swift */; };
		58ECC5F01FE223ED009DBA84 /* PasteCommand.swift in Sources */ = {isa = PBXBuildFile; fileRef = 58ECC5EF1FE223ED009DBA84 /* PasteCommand.swift */; };
		58ECC5F21FE224BC009DBA84 /* CommandTests.swift in Sources */ = {isa = PBXBuildFile; fileRef = 58ECC5F11FE224BC009DBA84 /* CommandTests.swift */; };
		58ECC5F41FE25DC2009DBA84 /* InterpreterTests.swift in Sources */ = {isa = PBXBuildFile; fileRef = 58ECC5F31FE25DC2009DBA84 /* InterpreterTests.swift */; };
		58ECC5F71FE2609D009DBA84 /* BooleanExp.swift in Sources */ = {isa = PBXBuildFile; fileRef = 58ECC5F61FE2609D009DBA84 /* BooleanExp.swift */; };
		58ECC5F91FE26167009DBA84 /* Context.swift in Sources */ = {isa = PBXBuildFile; fileRef = 58ECC5F81FE26167009DBA84 /* Context.swift */; };
		58ECC5FB1FE261F1009DBA84 /* VariableExp.swift in Sources */ = {isa = PBXBuildFile; fileRef = 58ECC5FA1FE261F1009DBA84 /* VariableExp.swift */; };
		58ECC5FD1FE26A38009DBA84 /* AndExp.swift in Sources */ = {isa = PBXBuildFile; fileRef = 58ECC5FC1FE26A38009DBA84 /* AndExp.swift */; };
		58ECC5FF1FE26A40009DBA84 /* OrExp.swift in Sources */ = {isa = PBXBuildFile; fileRef = 58ECC5FE1FE26A40009DBA84 /* OrExp.swift */; };
		58ECC6011FE26A47009DBA84 /* NotExp.swift in Sources */ = {isa = PBXBuildFile; fileRef = 58ECC6001FE26A47009DBA84 /* NotExp.swift */; };
		58ECC6031FE26CAB009DBA84 /* Constant.swift in Sources */ = {isa = PBXBuildFile; fileRef = 58ECC6021FE26CAB009DBA84 /* Constant.swift */; };
/* End PBXBuildFile section */

/* Begin PBXContainerItemProxy section */
		58ECC5CE1FE1230C009DBA84 /* PBXContainerItemProxy */ = {
			isa = PBXContainerItemProxy;
			containerPortal = 58ECC5BA1FE1230B009DBA84 /* Project object */;
			proxyType = 1;
			remoteGlobalIDString = 58ECC5C21FE1230B009DBA84;
			remoteInfo = Behavioral;
		};
/* End PBXContainerItemProxy section */

/* Begin PBXFileReference section */
		58DEF8D81FE3729D00C0F5AB /* IteratorTests.swift */ = {isa = PBXFileReference; lastKnownFileType = sourcecode.swift; path = IteratorTests.swift; sourceTree = "<group>"; };
		58DEF8DB1FE3764E00C0F5AB /* AbstractList.swift */ = {isa = PBXFileReference; lastKnownFileType = sourcecode.swift; path = AbstractList.swift; sourceTree = "<group>"; };
		58DEF8DD1FE376A300C0F5AB /* Iterator.swift */ = {isa = PBXFileReference; lastKnownFileType = sourcecode.swift; path = Iterator.swift; sourceTree = "<group>"; };
		58DEF8DF1FE3788F00C0F5AB /* ListIterator.swift */ = {isa = PBXFileReference; lastKnownFileType = sourcecode.swift; path = ListIterator.swift; sourceTree = "<group>"; };
		58DEF8E11FE37B6A00C0F5AB /* List.swift */ = {isa = PBXFileReference; lastKnownFileType = sourcecode.swift; path = List.swift; sourceTree = "<group>"; };
		58DEF8E31FE3B15100C0F5AB /* Employee.swift */ = {isa = PBXFileReference; lastKnownFileType = sourcecode.swift; path = Employee.swift; sourceTree = "<group>"; };
		58DEF8E51FE3B58500C0F5AB /* ReverseListIterator.swift */ = {isa = PBXFileReference; lastKnownFileType = sourcecode.swift; path = ReverseListIterator.swift; sourceTree = "<group>"; };
		58DEF8E71FE3BAA600C0F5AB /* ListTraverser.swift */ = {isa = PBXFileReference; lastKnownFileType = sourcecode.swift; path = ListTraverser.swift; sourceTree = "<group>"; };
		58DEF8E91FE3BE4600C0F5AB /* PrintNEmployees.swift */ = {isa = PBXFileReference; lastKnownFileType = sourcecode.swift; path = PrintNEmployees.swift; sourceTree = "<group>"; };
		58DEF8EB1FE7514200C0F5AB /* MediatorTests.swift */ = {isa = PBXFileReference; lastKnownFileType = sourcecode.swift; path = MediatorTests.swift; sourceTree = "<group>"; };
		58DEF8EE1FE7517C00C0F5AB /* DialogDirector.swift */ = {isa = PBXFileReference; lastKnownFileType = sourcecode.swift; path = DialogDirector.swift; sourceTree = "<group>"; };
		58DEF8F01FE7522800C0F5AB /* Control.swift */ = {isa = PBXFileReference; lastKnownFileType = sourcecode.swift; path = Control.swift; sourceTree = "<group>"; };
		58DEF8F21FE7540000C0F5AB /* ListBox.swift */ = {isa = PBXFileReference; lastKnownFileType = sourcecode.swift; path = ListBox.swift; sourceTree = "<group>"; };
		58DEF8F41FE7543700C0F5AB /* EntryField.swift */ = {isa = PBXFileReference; lastKnownFileType = sourcecode.swift; path = EntryField.swift; sourceTree = "<group>"; };
		58DEF8F61FE7548C00C0F5AB /* FontDialogDirector.swift */ = {isa = PBXFileReference; lastKnownFileType = sourcecode.swift; path = FontDialogDirector.swift; sourceTree = "<group>"; };
		58DEF8F81FE76F2C00C0F5AB /* MementoTests.swift */ = {isa = PBXFileReference; lastKnownFileType = sourcecode.swift; path = MementoTests.swift; sourceTree = "<group>"; };
		58DEF8FB1FE76FA500C0F5AB /* MoveCommand.swift */ = {isa = PBXFileReference; lastKnownFileType = sourcecode.swift; path = MoveCommand.swift; sourceTree = "<group>"; };
		58DEF8FD1FE7960500C0F5AB /* Graphic.swift */ = {isa = PBXFileReference; lastKnownFileType = sourcecode.swift; path = Graphic.swift; sourceTree = "<group>"; };
		58DEF8FF1FE7994900C0F5AB /* ConstraintSolver.swift */ = {isa = PBXFileReference; lastKnownFileType = sourcecode.swift; path = ConstraintSolver.swift; sourceTree = "<group>"; };
		58DEF9011FE79DA400C0F5AB /* ConstraintMemento.swift */ = {isa = PBXFileReference; lastKnownFileType = sourcecode.swift; path = ConstraintMemento.swift; sourceTree = "<group>"; };
		58DEF9031FE7B6FA00C0F5AB /* ObserverTests.swift */ = {isa = PBXFileReference; lastKnownFileType = sourcecode.swift; path = ObserverTests.swift; sourceTree = "<group>"; };
		58DEF9061FE7B74100C0F5AB /* Subject.swift */ = {isa = PBXFileReference; lastKnownFileType = sourcecode.swift; path = Subject.swift; sourceTree = "<group>"; };
		58DEF9081FE7B76400C0F5AB /* Observer.swift */ = {isa = PBXFileReference; lastKnownFileType = sourcecode.swift; path = Observer.swift; sourceTree = "<group>"; };
		58DEF90A1FE8B08700C0F5AB /* ClockTimer.swift */ = {isa = PBXFileReference; lastKnownFileType = sourcecode.swift; path = ClockTimer.swift; sourceTree = "<group>"; };
		58DEF90C1FE8B11500C0F5AB /* DigitalClock.swift */ = {isa = PBXFileReference; lastKnownFileType = sourcecode.swift; path = DigitalClock.swift; sourceTree = "<group>"; };
		58DEF90E1FE8B13D00C0F5AB /* AnalogClock.swift */ = {isa = PBXFileReference; lastKnownFileType = sourcecode.swift; path = AnalogClock.swift; sourceTree = "<group>"; };
		58DEF9111FE8FA4200C0F5AB /* TCPConnection.swift */ = {isa = PBXFileReference; lastKnownFileType = sourcecode.swift; path = TCPConnection.swift; sourceTree = "<group>"; };
		58DEF9131FE8FC4100C0F5AB /* StateTests.swift */ = {isa = PBXFileReference; lastKnownFileType = sourcecode.swift; path = StateTests.swift; sourceTree = "<group>"; };
		58DEF9151FE8FD9600C0F5AB /* TCPState.swift */ = {isa = PBXFileReference; lastKnownFileType = sourcecode.swift; path = TCPState.swift; sourceTree = "<group>"; };
		58DEF9171FE901DC00C0F5AB /* TCPEstablished.swift */ = {isa = PBXFileReference; lastKnownFileType = sourcecode.swift; path = TCPEstablished.swift; sourceTree = "<group>"; };
		58DEF9191FE901E900C0F5AB /* TCPListen.swift */ = {isa = PBXFileReference; lastKnownFileType = sourcecode.swift; path = TCPListen.swift; sourceTree = "<group>"; };
		58DEF91B1FE901F000C0F5AB /* TCPClosed.swift */ = {isa = PBXFileReference; lastKnownFileType = sourcecode.swift; path = TCPClosed.swift; sourceTree = "<group>"; };
		58ECC5C31FE1230B009DBA84 /* Behavioral.framework */ = {isa = PBXFileReference; explicitFileType = wrapper.framework; includeInIndex = 0; path = Behavioral.framework; sourceTree = BUILT_PRODUCTS_DIR; };
		58ECC5C61FE1230C009DBA84 /* Behavioral.h */ = {isa = PBXFileReference; lastKnownFileType = sourcecode.c.h; path = Behavioral.h; sourceTree = "<group>"; };
		58ECC5C71FE1230C009DBA84 /* Info.plist */ = {isa = PBXFileReference; lastKnownFileType = text.plist.xml; path = Info.plist; sourceTree = "<group>"; };
		58ECC5CC1FE1230C009DBA84 /* BehavioralTests.xctest */ = {isa = PBXFileReference; explicitFileType = wrapper.cfbundle; includeInIndex = 0; path = BehavioralTests.xctest; sourceTree = BUILT_PRODUCTS_DIR; };
		58ECC5D11FE1230C009DBA84 /* ChainOfResponsibilityTests.swift */ = {isa = PBXFileReference; lastKnownFileType = sourcecode.swift; path = ChainOfResponsibilityTests.swift; sourceTree = "<group>"; };
		58ECC5D31FE1230C009DBA84 /* Info.plist */ = {isa = PBXFileReference; lastKnownFileType = text.plist.xml; path = Info.plist; sourceTree = "<group>"; };
		58ECC5DE1FE203C0009DBA84 /* HelpHandler.swift */ = {isa = PBXFileReference; lastKnownFileType = sourcecode.swift; path = HelpHandler.swift; sourceTree = "<group>"; };
		58ECC5E01FE209F0009DBA84 /* Widget.swift */ = {isa = PBXFileReference; lastKnownFileType = sourcecode.swift; path = Widget.swift; sourceTree = "<group>"; };
		58ECC5E21FE20BA8009DBA84 /* Button.swift */ = {isa = PBXFileReference; lastKnownFileType = sourcecode.swift; path = Button.swift; sourceTree = "<group>"; };
		58ECC5E41FE20BE6009DBA84 /* Dialog.swift */ = {isa = PBXFileReference; lastKnownFileType = sourcecode.swift; path = Dialog.swift; sourceTree = "<group>"; };
		58ECC5E61FE20C86009DBA84 /* Application.swift */ = {isa = PBXFileReference; lastKnownFileType = sourcecode.swift; path = Application.swift; sourceTree = "<group>"; };
		58ECC5E91FE21DFF009DBA84 /* Command.swift */ = {isa = PBXFileReference; lastKnownFileType = sourcecode.swift; path = Command.swift; sourceTree = "<group>"; };
		58ECC5EB1FE21E7E009DBA84 /* OpenCommand.swift */ = {isa = PBXFileReference; lastKnownFileType = sourcecode.swift; path = OpenCommand.swift; sourceTree = "<group>"; };
		58ECC5ED1FE222D5009DBA84 /* Document.swift */ = {isa = PBXFileReference; lastKnownFileType = sourcecode.swift; path = Document.swift; sourceTree = "<group>"; };
		58ECC5EF1FE223ED009DBA84 /* PasteCommand.swift */ = {isa = PBXFileReference; lastKnownFileType = sourcecode.swift; path = PasteCommand.swift; sourceTree = "<group>"; };
		58ECC5F11FE224BC009DBA84 /* CommandTests.swift */ = {isa = PBXFileReference; lastKnownFileType = sourcecode.swift; path = CommandTests.swift; sourceTree = "<group>"; };
		58ECC5F31FE25DC2009DBA84 /* InterpreterTests.swift */ = {isa = PBXFileReference; lastKnownFileType = sourcecode.swift; path = InterpreterTests.swift; sourceTree = "<group>"; };
		58ECC5F61FE2609D009DBA84 /* BooleanExp.swift */ = {isa = PBXFileReference; lastKnownFileType = sourcecode.swift; path = BooleanExp.swift; sourceTree = "<group>"; };
		58ECC5F81FE26167009DBA84 /* Context.swift */ = {isa = PBXFileReference; lastKnownFileType = sourcecode.swift; path = Context.swift; sourceTree = "<group>"; };
		58ECC5FA1FE261F1009DBA84 /* VariableExp.swift */ = {isa = PBXFileReference; lastKnownFileType = sourcecode.swift; path = VariableExp.swift; sourceTree = "<group>"; };
		58ECC5FC1FE26A38009DBA84 /* AndExp.swift */ = {isa = PBXFileReference; lastKnownFileType = sourcecode.swift; path = AndExp.swift; sourceTree = "<group>"; };
		58ECC5FE1FE26A40009DBA84 /* OrExp.swift */ = {isa = PBXFileReference; lastKnownFileType = sourcecode.swift; path = OrExp.swift; sourceTree = "<group>"; };
		58ECC6001FE26A47009DBA84 /* NotExp.swift */ = {isa = PBXFileReference; lastKnownFileType = sourcecode.swift; path = NotExp.swift; sourceTree = "<group>"; };
		58ECC6021FE26CAB009DBA84 /* Constant.swift */ = {isa = PBXFileReference; lastKnownFileType = sourcecode.swift; path = Constant.swift; sourceTree = "<group>"; };
/* End PBXFileReference section */

/* Begin PBXFrameworksBuildPhase section */
		58ECC5BF1FE1230B009DBA84 /* Frameworks */ = {
			isa = PBXFrameworksBuildPhase;
			buildActionMask = 2147483647;
			files = (
			);
			runOnlyForDeploymentPostprocessing = 0;
		};
		58ECC5C91FE1230C009DBA84 /* Frameworks */ = {
			isa = PBXFrameworksBuildPhase;
			buildActionMask = 2147483647;
			files = (
				58ECC5CD1FE1230C009DBA84 /* Behavioral.framework in Frameworks */,
			);
			runOnlyForDeploymentPostprocessing = 0;
		};
/* End PBXFrameworksBuildPhase section */

/* Begin PBXGroup section */
		58DEF8DA1FE372D900C0F5AB /* Iterator */ = {
			isa = PBXGroup;
			children = (
				58DEF8DB1FE3764E00C0F5AB /* AbstractList.swift */,
				58DEF8E11FE37B6A00C0F5AB /* List.swift */,
				58DEF8DD1FE376A300C0F5AB /* Iterator.swift */,
				58DEF8DF1FE3788F00C0F5AB /* ListIterator.swift */,
				58DEF8E31FE3B15100C0F5AB /* Employee.swift */,
				58DEF8E51FE3B58500C0F5AB /* ReverseListIterator.swift */,
				58DEF8E71FE3BAA600C0F5AB /* ListTraverser.swift */,
				58DEF8E91FE3BE4600C0F5AB /* PrintNEmployees.swift */,
			);
			path = Iterator;
			sourceTree = "<group>";
		};
		58DEF8ED1FE7515900C0F5AB /* Mediator */ = {
			isa = PBXGroup;
			children = (
				58DEF8EE1FE7517C00C0F5AB /* DialogDirector.swift */,
				58DEF8F01FE7522800C0F5AB /* Control.swift */,
				58DEF8F21FE7540000C0F5AB /* ListBox.swift */,
				58DEF8F41FE7543700C0F5AB /* EntryField.swift */,
				58DEF8F61FE7548C00C0F5AB /* FontDialogDirector.swift */,
			);
			path = Mediator;
			sourceTree = "<group>";
		};
		58DEF8FA1FE76F8800C0F5AB /* Memento */ = {
			isa = PBXGroup;
			children = (
				58DEF8FB1FE76FA500C0F5AB /* MoveCommand.swift */,
				58DEF8FF1FE7994900C0F5AB /* ConstraintSolver.swift */,
				58DEF9011FE79DA400C0F5AB /* ConstraintMemento.swift */,
				58DEF8FD1FE7960500C0F5AB /* Graphic.swift */,
			);
			path = Memento;
			sourceTree = "<group>";
		};
		58DEF9051FE7B72400C0F5AB /* Observer */ = {
			isa = PBXGroup;
			children = (
				58DEF9061FE7B74100C0F5AB /* Subject.swift */,
				58DEF90A1FE8B08700C0F5AB /* ClockTimer.swift */,
				58DEF90C1FE8B11500C0F5AB /* DigitalClock.swift */,
				58DEF90E1FE8B13D00C0F5AB /* AnalogClock.swift */,
				58DEF9081FE7B76400C0F5AB /* Observer.swift */,
			);
			path = Observer;
			sourceTree = "<group>";
		};
		58DEF9101FE8FA0C00C0F5AB /* State */ = {
			isa = PBXGroup;
			children = (
				58DEF9111FE8FA4200C0F5AB /* TCPConnection.swift */,
				58DEF9151FE8FD9600C0F5AB /* TCPState.swift */,
				58DEF9171FE901DC00C0F5AB /* TCPEstablished.swift */,
				58DEF9191FE901E900C0F5AB /* TCPListen.swift */,
				58DEF91B1FE901F000C0F5AB /* TCPClosed.swift */,
			);
			path = State;
			sourceTree = "<group>";
		};
		58ECC5B91FE1230B009DBA84 = {
			isa = PBXGroup;
			children = (
				58ECC5C51FE1230B009DBA84 /* Behavioral */,
				58ECC5D01FE1230C009DBA84 /* BehavioralTests */,
				58ECC5C41FE1230B009DBA84 /* Products */,
			);
			sourceTree = "<group>";
		};
		58ECC5C41FE1230B009DBA84 /* Products */ = {
			isa = PBXGroup;
			children = (
				58ECC5C31FE1230B009DBA84 /* Behavioral.framework */,
				58ECC5CC1FE1230C009DBA84 /* BehavioralTests.xctest */,
			);
			name = Products;
			sourceTree = "<group>";
		};
		58ECC5C51FE1230B009DBA84 /* Behavioral */ = {
			isa = PBXGroup;
			children = (
				58ECC5C61FE1230C009DBA84 /* Behavioral.h */,
				58ECC5DD1FE20312009DBA84 /* Chain Of Responsibility */,
				58ECC5E81FE21D5F009DBA84 /* Command */,
				58ECC5F51FE2607A009DBA84 /* Interpreter */,
				58DEF8DA1FE372D900C0F5AB /* Iterator */,
				58DEF8ED1FE7515900C0F5AB /* Mediator */,
				58DEF8FA1FE76F8800C0F5AB /* Memento */,
				58DEF9051FE7B72400C0F5AB /* Observer */,
				58DEF9101FE8FA0C00C0F5AB /* State */,
				58ECC5C71FE1230C009DBA84 /* Info.plist */,
			);
			path = Behavioral;
			sourceTree = "<group>";
		};
		58ECC5D01FE1230C009DBA84 /* BehavioralTests */ = {
			isa = PBXGroup;
			children = (
				58ECC5D11FE1230C009DBA84 /* ChainOfResponsibilityTests.swift */,
				58ECC5F11FE224BC009DBA84 /* CommandTests.swift */,
				58ECC5F31FE25DC2009DBA84 /* InterpreterTests.swift */,
				58DEF8D81FE3729D00C0F5AB /* IteratorTests.swift */,
				58DEF8EB1FE7514200C0F5AB /* MediatorTests.swift */,
				58DEF8F81FE76F2C00C0F5AB /* MementoTests.swift */,
				58DEF9031FE7B6FA00C0F5AB /* ObserverTests.swift */,
				58DEF9131FE8FC4100C0F5AB /* StateTests.swift */,
				58ECC5D31FE1230C009DBA84 /* Info.plist */,
			);
			path = BehavioralTests;
			sourceTree = "<group>";
		};
		58ECC5DD1FE20312009DBA84 /* Chain Of Responsibility */ = {
			isa = PBXGroup;
			children = (
				58ECC5DE1FE203C0009DBA84 /* HelpHandler.swift */,
				58ECC5E01FE209F0009DBA84 /* Widget.swift */,
				58ECC5E21FE20BA8009DBA84 /* Button.swift */,
				58ECC5E41FE20BE6009DBA84 /* Dialog.swift */,
				58ECC5E61FE20C86009DBA84 /* Application.swift */,
			);
			path = "Chain Of Responsibility";
			sourceTree = "<group>";
		};
		58ECC5E81FE21D5F009DBA84 /* Command */ = {
			isa = PBXGroup;
			children = (
				58ECC5E91FE21DFF009DBA84 /* Command.swift */,
				58ECC5EB1FE21E7E009DBA84 /* OpenCommand.swift */,
				58ECC5ED1FE222D5009DBA84 /* Document.swift */,
				58ECC5EF1FE223ED009DBA84 /* PasteCommand.swift */,
			);
			path = Command;
			sourceTree = "<group>";
		};
		58ECC5F51FE2607A009DBA84 /* Interpreter */ = {
			isa = PBXGroup;
			children = (
				58ECC5F61FE2609D009DBA84 /* BooleanExp.swift */,
				58ECC5F81FE26167009DBA84 /* Context.swift */,
				58ECC5FA1FE261F1009DBA84 /* VariableExp.swift */,
				58ECC5FC1FE26A38009DBA84 /* AndExp.swift */,
				58ECC5FE1FE26A40009DBA84 /* OrExp.swift */,
				58ECC6001FE26A47009DBA84 /* NotExp.swift */,
				58ECC6021FE26CAB009DBA84 /* Constant.swift */,
			);
			path = Interpreter;
			sourceTree = "<group>";
		};
/* End PBXGroup section */

/* Begin PBXHeadersBuildPhase section */
		58ECC5C01FE1230B009DBA84 /* Headers */ = {
			isa = PBXHeadersBuildPhase;
			buildActionMask = 2147483647;
			files = (
				58ECC5D41FE1230C009DBA84 /* Behavioral.h in Headers */,
			);
			runOnlyForDeploymentPostprocessing = 0;
		};
/* End PBXHeadersBuildPhase section */

/* Begin PBXNativeTarget section */
		58ECC5C21FE1230B009DBA84 /* Behavioral */ = {
			isa = PBXNativeTarget;
			buildConfigurationList = 58ECC5D71FE1230C009DBA84 /* Build configuration list for PBXNativeTarget "Behavioral" */;
			buildPhases = (
				58ECC5BE1FE1230B009DBA84 /* Sources */,
				58ECC5BF1FE1230B009DBA84 /* Frameworks */,
				58ECC5C01FE1230B009DBA84 /* Headers */,
				58ECC5C11FE1230B009DBA84 /* Resources */,
			);
			buildRules = (
			);
			dependencies = (
			);
			name = Behavioral;
			productName = Behavioral;
			productReference = 58ECC5C31FE1230B009DBA84 /* Behavioral.framework */;
			productType = "com.apple.product-type.framework";
		};
		58ECC5CB1FE1230C009DBA84 /* BehavioralTests */ = {
			isa = PBXNativeTarget;
			buildConfigurationList = 58ECC5DA1FE1230C009DBA84 /* Build configuration list for PBXNativeTarget "BehavioralTests" */;
			buildPhases = (
				58ECC5C81FE1230C009DBA84 /* Sources */,
				58ECC5C91FE1230C009DBA84 /* Frameworks */,
				58ECC5CA1FE1230C009DBA84 /* Resources */,
			);
			buildRules = (
			);
			dependencies = (
				58ECC5CF1FE1230C009DBA84 /* PBXTargetDependency */,
			);
			name = BehavioralTests;
			productName = BehavioralTests;
			productReference = 58ECC5CC1FE1230C009DBA84 /* BehavioralTests.xctest */;
			productType = "com.apple.product-type.bundle.unit-test";
		};
/* End PBXNativeTarget section */

/* Begin PBXProject section */
		58ECC5BA1FE1230B009DBA84 /* Project object */ = {
			isa = PBXProject;
			attributes = {
				LastSwiftUpdateCheck = 0920;
				LastUpgradeCheck = 0920;
				ORGANIZATIONNAME = "Meiliang Dong";
				TargetAttributes = {
					58ECC5C21FE1230B009DBA84 = {
						CreatedOnToolsVersion = 9.2;
						LastSwiftMigration = 0920;
						ProvisioningStyle = Automatic;
					};
					58ECC5CB1FE1230C009DBA84 = {
						CreatedOnToolsVersion = 9.2;
						ProvisioningStyle = Automatic;
					};
				};
			};
			buildConfigurationList = 58ECC5BD1FE1230B009DBA84 /* Build configuration list for PBXProject "Behavioral" */;
			compatibilityVersion = "Xcode 8.0";
			developmentRegion = en;
			hasScannedForEncodings = 0;
			knownRegions = (
				en,
			);
			mainGroup = 58ECC5B91FE1230B009DBA84;
			productRefGroup = 58ECC5C41FE1230B009DBA84 /* Products */;
			projectDirPath = "";
			projectRoot = "";
			targets = (
				58ECC5C21FE1230B009DBA84 /* Behavioral */,
				58ECC5CB1FE1230C009DBA84 /* BehavioralTests */,
			);
		};
/* End PBXProject section */

/* Begin PBXResourcesBuildPhase section */
		58ECC5C11FE1230B009DBA84 /* Resources */ = {
			isa = PBXResourcesBuildPhase;
			buildActionMask = 2147483647;
			files = (
			);
			runOnlyForDeploymentPostprocessing = 0;
		};
		58ECC5CA1FE1230C009DBA84 /* Resources */ = {
			isa = PBXResourcesBuildPhase;
			buildActionMask = 2147483647;
			files = (
			);
			runOnlyForDeploymentPostprocessing = 0;
		};
/* End PBXResourcesBuildPhase section */

/* Begin PBXSourcesBuildPhase section */
		58ECC5BE1FE1230B009DBA84 /* Sources */ = {
			isa = PBXSourcesBuildPhase;
			buildActionMask = 2147483647;
			files = (
				58DEF91A1FE901E900C0F5AB /* TCPListen.swift in Sources */,
				58ECC5F71FE2609D009DBA84 /* BooleanExp.swift in Sources */,
				58DEF9161FE8FD9600C0F5AB /* TCPState.swift in Sources */,
				58DEF8EF1FE7517C00C0F5AB /* DialogDirector.swift in Sources */,
				58DEF8E01FE3788F00C0F5AB /* ListIterator.swift in Sources */,
				58DEF9021FE79DA400C0F5AB /* ConstraintMemento.swift in Sources */,
				58ECC6011FE26A47009DBA84 /* NotExp.swift in Sources */,
				58ECC5EE1FE222D5009DBA84 /* Document.swift in Sources */,
				58ECC6031FE26CAB009DBA84 /* Constant.swift in Sources */,
				58ECC5FF1FE26A40009DBA84 /* OrExp.swift in Sources */,
				58DEF90B1FE8B08700C0F5AB /* ClockTimer.swift in Sources */,
				58DEF8F51FE7543700C0F5AB /* EntryField.swift in Sources */,
				58ECC5F01FE223ED009DBA84 /* PasteCommand.swift in Sources */,
				58ECC5FB1FE261F1009DBA84 /* VariableExp.swift in Sources */,
				58ECC5E71FE20C86009DBA84 /* Application.swift in Sources */,
				58ECC5F91FE26167009DBA84 /* Context.swift in Sources */,
				58DEF8E41FE3B15100C0F5AB /* Employee.swift in Sources */,
				58ECC5DF1FE203C0009DBA84 /* HelpHandler.swift in Sources */,
				58DEF8FE1FE7960500C0F5AB /* Graphic.swift in Sources */,
				58DEF8DC1FE3764E00C0F5AB /* AbstractList.swift in Sources */,
				58DEF9181FE901DC00C0F5AB /* TCPEstablished.swift in Sources */,
				58DEF91C1FE901F000C0F5AB /* TCPClosed.swift in Sources */,
				58ECC5E31FE20BA8009DBA84 /* Button.swift in Sources */,
				58DEF9001FE7994900C0F5AB /* ConstraintSolver.swift in Sources */,
				58DEF90F1FE8B13D00C0F5AB /* AnalogClock.swift in Sources */,
				58DEF8E81FE3BAA600C0F5AB /* ListTraverser.swift in Sources */,
				58DEF8E21FE37B6A00C0F5AB /* List.swift in Sources */,
				58ECC5E11FE209F0009DBA84 /* Widget.swift in Sources */,
				58DEF9121FE8FA4200C0F5AB /* TCPConnection.swift in Sources */,
				58DEF8E61FE3B58500C0F5AB /* ReverseListIterator.swift in Sources */,
				58ECC5EC1FE21E7E009DBA84 /* OpenCommand.swift in Sources */,
				58ECC5E51FE20BE6009DBA84 /* Dialog.swift in Sources */,
				58DEF8DE1FE376A300C0F5AB /* Iterator.swift in Sources */,
				58DEF9091FE7B76400C0F5AB /* Observer.swift in Sources */,
				58DEF90D1FE8B11500C0F5AB /* DigitalClock.swift in Sources */,
				58ECC5FD1FE26A38009DBA84 /* AndExp.swift in Sources */,
				58DEF8F11FE7522800C0F5AB /* Control.swift in Sources */,
				58DEF8F71FE7548C00C0F5AB /* FontDialogDirector.swift in Sources */,
				58DEF8EA1FE3BE4600C0F5AB /* PrintNEmployees.swift in Sources */,
				58DEF8F31FE7540000C0F5AB /* ListBox.swift in Sources */,
				58DEF8FC1FE76FA500C0F5AB /* MoveCommand.swift in Sources */,
				58DEF9071FE7B74100C0F5AB /* Subject.swift in Sources */,
				58ECC5EA1FE21DFF009DBA84 /* Command.swift in Sources */,
			);
			runOnlyForDeploymentPostprocessing = 0;
		};
		58ECC5C81FE1230C009DBA84 /* Sources */ = {
			isa = PBXSourcesBuildPhase;
			buildActionMask = 2147483647;
			files = (
				58ECC5D21FE1230C009DBA84 /* ChainOfResponsibilityTests.swift in Sources */,
				58DEF9041FE7B6FA00C0F5AB /* ObserverTests.swift in Sources */,
				58DEF8F91FE76F2C00C0F5AB /* MementoTests.swift in Sources */,
				58DEF8EC1FE7514200C0F5AB /* MediatorTests.swift in Sources */,
				58ECC5F41FE25DC2009DBA84 /* InterpreterTests.swift in Sources */,
				58ECC5F21FE224BC009DBA84 /* CommandTests.swift in Sources */,
				58DEF8D91FE3729D00C0F5AB /* IteratorTests.swift in Sources */,
				58DEF9141FE8FC4100C0F5AB /* StateTests.swift in Sources */,
			);
			runOnlyForDeploymentPostprocessing = 0;
		};
/* End PBXSourcesBuildPhase section */

/* Begin PBXTargetDependency section */
		58ECC5CF1FE1230C009DBA84 /* PBXTargetDependency */ = {
			isa = PBXTargetDependency;
			target = 58ECC5C21FE1230B009DBA84 /* Behavioral */;
			targetProxy = 58ECC5CE1FE1230C009DBA84 /* PBXContainerItemProxy */;
		};
/* End PBXTargetDependency section */

/* Begin XCBuildConfiguration section */
		58ECC5D51FE1230C009DBA84 /* Debug */ = {
			isa = XCBuildConfiguration;
			buildSettings = {
				ALWAYS_SEARCH_USER_PATHS = NO;
				CLANG_ANALYZER_NONNULL = YES;
				CLANG_ANALYZER_NUMBER_OBJECT_CONVERSION = YES_AGGRESSIVE;
				CLANG_CXX_LANGUAGE_STANDARD = "gnu++14";
				CLANG_CXX_LIBRARY = "libc++";
				CLANG_ENABLE_MODULES = YES;
				CLANG_ENABLE_OBJC_ARC = YES;
				CLANG_WARN_BLOCK_CAPTURE_AUTORELEASING = YES;
				CLANG_WARN_BOOL_CONVERSION = YES;
				CLANG_WARN_COMMA = YES;
				CLANG_WARN_CONSTANT_CONVERSION = YES;
				CLANG_WARN_DIRECT_OBJC_ISA_USAGE = YES_ERROR;
				CLANG_WARN_DOCUMENTATION_COMMENTS = YES;
				CLANG_WARN_EMPTY_BODY = YES;
				CLANG_WARN_ENUM_CONVERSION = YES;
				CLANG_WARN_INFINITE_RECURSION = YES;
				CLANG_WARN_INT_CONVERSION = YES;
				CLANG_WARN_NON_LITERAL_NULL_CONVERSION = YES;
				CLANG_WARN_OBJC_LITERAL_CONVERSION = YES;
				CLANG_WARN_OBJC_ROOT_CLASS = YES_ERROR;
				CLANG_WARN_RANGE_LOOP_ANALYSIS = YES;
				CLANG_WARN_STRICT_PROTOTYPES = YES;
				CLANG_WARN_SUSPICIOUS_MOVE = YES;
				CLANG_WARN_UNGUARDED_AVAILABILITY = YES_AGGRESSIVE;
				CLANG_WARN_UNREACHABLE_CODE = YES;
				CLANG_WARN__DUPLICATE_METHOD_MATCH = YES;
				CODE_SIGN_IDENTITY = "iPhone Developer";
				COPY_PHASE_STRIP = NO;
				CURRENT_PROJECT_VERSION = 1;
				DEBUG_INFORMATION_FORMAT = dwarf;
				ENABLE_STRICT_OBJC_MSGSEND = YES;
				ENABLE_TESTABILITY = YES;
				GCC_C_LANGUAGE_STANDARD = gnu11;
				GCC_DYNAMIC_NO_PIC = NO;
				GCC_NO_COMMON_BLOCKS = YES;
				GCC_OPTIMIZATION_LEVEL = 0;
				GCC_PREPROCESSOR_DEFINITIONS = (
					"DEBUG=1",
					"$(inherited)",
				);
				GCC_WARN_64_TO_32_BIT_CONVERSION = YES;
				GCC_WARN_ABOUT_RETURN_TYPE = YES_ERROR;
				GCC_WARN_UNDECLARED_SELECTOR = YES;
				GCC_WARN_UNINITIALIZED_AUTOS = YES_AGGRESSIVE;
				GCC_WARN_UNUSED_FUNCTION = YES;
				GCC_WARN_UNUSED_VARIABLE = YES;
				IPHONEOS_DEPLOYMENT_TARGET = 11.2;
				MTL_ENABLE_DEBUG_INFO = YES;
				ONLY_ACTIVE_ARCH = YES;
				SDKROOT = iphoneos;
				SWIFT_ACTIVE_COMPILATION_CONDITIONS = DEBUG;
				SWIFT_OPTIMIZATION_LEVEL = "-Onone";
				VERSIONING_SYSTEM = "apple-generic";
				VERSION_INFO_PREFIX = "";
			};
			name = Debug;
		};
		58ECC5D61FE1230C009DBA84 /* Release */ = {
			isa = XCBuildConfiguration;
			buildSettings = {
				ALWAYS_SEARCH_USER_PATHS = NO;
				CLANG_ANALYZER_NONNULL = YES;
				CLANG_ANALYZER_NUMBER_OBJECT_CONVERSION = YES_AGGRESSIVE;
				CLANG_CXX_LANGUAGE_STANDARD = "gnu++14";
				CLANG_CXX_LIBRARY = "libc++";
				CLANG_ENABLE_MODULES = YES;
				CLANG_ENABLE_OBJC_ARC = YES;
				CLANG_WARN_BLOCK_CAPTURE_AUTORELEASING = YES;
				CLANG_WARN_BOOL_CONVERSION = YES;
				CLANG_WARN_COMMA = YES;
				CLANG_WARN_CONSTANT_CONVERSION = YES;
				CLANG_WARN_DIRECT_OBJC_ISA_USAGE = YES_ERROR;
				CLANG_WARN_DOCUMENTATION_COMMENTS = YES;
				CLANG_WARN_EMPTY_BODY = YES;
				CLANG_WARN_ENUM_CONVERSION = YES;
				CLANG_WARN_INFINITE_RECURSION = YES;
				CLANG_WARN_INT_CONVERSION = YES;
				CLANG_WARN_NON_LITERAL_NULL_CONVERSION = YES;
				CLANG_WARN_OBJC_LITERAL_CONVERSION = YES;
				CLANG_WARN_OBJC_ROOT_CLASS = YES_ERROR;
				CLANG_WARN_RANGE_LOOP_ANALYSIS = YES;
				CLANG_WARN_STRICT_PROTOTYPES = YES;
				CLANG_WARN_SUSPICIOUS_MOVE = YES;
				CLANG_WARN_UNGUARDED_AVAILABILITY = YES_AGGRESSIVE;
				CLANG_WARN_UNREACHABLE_CODE = YES;
				CLANG_WARN__DUPLICATE_METHOD_MATCH = YES;
				CODE_SIGN_IDENTITY = "iPhone Developer";
				COPY_PHASE_STRIP = NO;
				CURRENT_PROJECT_VERSION = 1;
				DEBUG_INFORMATION_FORMAT = "dwarf-with-dsym";
				ENABLE_NS_ASSERTIONS = NO;
				ENABLE_STRICT_OBJC_MSGSEND = YES;
				GCC_C_LANGUAGE_STANDARD = gnu11;
				GCC_NO_COMMON_BLOCKS = YES;
				GCC_WARN_64_TO_32_BIT_CONVERSION = YES;
				GCC_WARN_ABOUT_RETURN_TYPE = YES_ERROR;
				GCC_WARN_UNDECLARED_SELECTOR = YES;
				GCC_WARN_UNINITIALIZED_AUTOS = YES_AGGRESSIVE;
				GCC_WARN_UNUSED_FUNCTION = YES;
				GCC_WARN_UNUSED_VARIABLE = YES;
				IPHONEOS_DEPLOYMENT_TARGET = 11.2;
				MTL_ENABLE_DEBUG_INFO = NO;
				SDKROOT = iphoneos;
				SWIFT_OPTIMIZATION_LEVEL = "-Owholemodule";
				VALIDATE_PRODUCT = YES;
				VERSIONING_SYSTEM = "apple-generic";
				VERSION_INFO_PREFIX = "";
			};
			name = Release;
		};
		58ECC5D81FE1230C009DBA84 /* Debug */ = {
			isa = XCBuildConfiguration;
			buildSettings = {
				CLANG_ENABLE_MODULES = YES;
				CODE_SIGN_IDENTITY = "";
				CODE_SIGN_STYLE = Automatic;
				DEFINES_MODULE = YES;
				DYLIB_COMPATIBILITY_VERSION = 1;
				DYLIB_CURRENT_VERSION = 1;
				DYLIB_INSTALL_NAME_BASE = "@rpath";
				INFOPLIST_FILE = Behavioral/Info.plist;
				INSTALL_PATH = "$(LOCAL_LIBRARY_DIR)/Frameworks";
				LD_RUNPATH_SEARCH_PATHS = "$(inherited) @executable_path/Frameworks @loader_path/Frameworks";
				PRODUCT_BUNDLE_IDENTIFIER = com.tenneshop.Behavioral;
				PRODUCT_NAME = "$(TARGET_NAME:c99extidentifier)";
				SKIP_INSTALL = YES;
				SWIFT_OPTIMIZATION_LEVEL = "-Onone";
				SWIFT_VERSION = 4.0;
				TARGETED_DEVICE_FAMILY = "1,2";
			};
			name = Debug;
		};
		58ECC5D91FE1230C009DBA84 /* Release */ = {
			isa = XCBuildConfiguration;
			buildSettings = {
				CLANG_ENABLE_MODULES = YES;
				CODE_SIGN_IDENTITY = "";
				CODE_SIGN_STYLE = Automatic;
				DEFINES_MODULE = YES;
				DYLIB_COMPATIBILITY_VERSION = 1;
				DYLIB_CURRENT_VERSION = 1;
				DYLIB_INSTALL_NAME_BASE = "@rpath";
				INFOPLIST_FILE = Behavioral/Info.plist;
				INSTALL_PATH = "$(LOCAL_LIBRARY_DIR)/Frameworks";
				LD_RUNPATH_SEARCH_PATHS = "$(inherited) @executable_path/Frameworks @loader_path/Frameworks";
				PRODUCT_BUNDLE_IDENTIFIER = com.tenneshop.Behavioral;
				PRODUCT_NAME = "$(TARGET_NAME:c99extidentifier)";
				SKIP_INSTALL = YES;
				SWIFT_VERSION = 4.0;
				TARGETED_DEVICE_FAMILY = "1,2";
			};
			name = Release;
		};
		58ECC5DB1FE1230C009DBA84 /* Debug */ = {
			isa = XCBuildConfiguration;
			buildSettings = {
				ALWAYS_EMBED_SWIFT_STANDARD_LIBRARIES = YES;
				CODE_SIGN_STYLE = Automatic;
				INFOPLIST_FILE = BehavioralTests/Info.plist;
				LD_RUNPATH_SEARCH_PATHS = "$(inherited) @executable_path/Frameworks @loader_path/Frameworks";
				PRODUCT_BUNDLE_IDENTIFIER = com.tenneshop.BehavioralTests;
				PRODUCT_NAME = "$(TARGET_NAME)";
				SWIFT_VERSION = 4.0;
				TARGETED_DEVICE_FAMILY = "1,2";
			};
			name = Debug;
		};
		58ECC5DC1FE1230C009DBA84 /* Release */ = {
			isa = XCBuildConfiguration;
			buildSettings = {
				ALWAYS_EMBED_SWIFT_STANDARD_LIBRARIES = YES;
				CODE_SIGN_STYLE = Automatic;
				INFOPLIST_FILE = BehavioralTests/Info.plist;
				LD_RUNPATH_SEARCH_PATHS = "$(inherited) @executable_path/Frameworks @loader_path/Frameworks";
				PRODUCT_BUNDLE_IDENTIFIER = com.tenneshop.BehavioralTests;
				PRODUCT_NAME = "$(TARGET_NAME)";
				SWIFT_VERSION = 4.0;
				TARGETED_DEVICE_FAMILY = "1,2";
			};
			name = Release;
		};
/* End XCBuildConfiguration section */

/* Begin XCConfigurationList section */
		58ECC5BD1FE1230B009DBA84 /* Build configuration list for PBXProject "Behavioral" */ = {
			isa = XCConfigurationList;
			buildConfigurations = (
				58ECC5D51FE1230C009DBA84 /* Debug */,
				58ECC5D61FE1230C009DBA84 /* Release */,
			);
			defaultConfigurationIsVisible = 0;
			defaultConfigurationName = Release;
		};
		58ECC5D71FE1230C009DBA84 /* Build configuration list for PBXNativeTarget "Behavioral" */ = {
			isa = XCConfigurationList;
			buildConfigurations = (
				58ECC5D81FE1230C009DBA84 /* Debug */,
				58ECC5D91FE1230C009DBA84 /* Release */,
			);
			defaultConfigurationIsVisible = 0;
			defaultConfigurationName = Release;
		};
		58ECC5DA1FE1230C009DBA84 /* Build configuration list for PBXNativeTarget "BehavioralTests" */ = {
			isa = XCConfigurationList;
			buildConfigurations = (
				58ECC5DB1FE1230C009DBA84 /* Debug */,
				58ECC5DC1FE1230C009DBA84 /* Release */,
			);
			defaultConfigurationIsVisible = 0;
			defaultConfigurationName = Release;
		};
/* End XCConfigurationList section */
	};
	rootObject = 58ECC5BA1FE1230B009DBA84 /* Project object */;
}
